{
    "_readme": [
        "This file locks the dependencies of your project to a known state",
        "Read more about it at https://getcomposer.org/doc/01-basic-usage.md#installing-dependencies",
        "This file is @generated automatically"
    ],
    "content-hash": "f37cfd6e1965d90b1b1bd642cac9cf54",
    "packages": [
        {
            "name": "daverandom/exceptional-json",
            "version": "v1.0.4",
            "source": {
                "type": "git",
                "url": "https://github.com/DaveRandom/ExceptionalJSON.git",
                "reference": "fed957142b4687b079495c80975666dd1a67d61d"
            },
            "dist": {
                "type": "zip",
                "url": "https://api.github.com/repos/DaveRandom/ExceptionalJSON/zipball/fed957142b4687b079495c80975666dd1a67d61d",
                "reference": "fed957142b4687b079495c80975666dd1a67d61d",
                "shasum": ""
            },
            "require": {
                "php": ">=7.0"
            },
            "type": "library",
            "autoload": {
                "psr-4": {
                    "ExceptionalJSON\\": "src/"
                },
                "files": [
                    "src/functions.php"
                ]
            },
            "notification-url": "https://packagist.org/downloads/",
            "license": [
                "MIT"
            ],
            "authors": [
                {
                    "name": "Chris Wright"
                }
            ],
            "description": "JSON encoding and decoding that throws exceptions on failure",
            "time": "2018-06-11T11:25:57+00:00"
        },
        {
            "name": "mimmi20/json-class",
            "version": "2.0.4",
            "source": {
                "type": "git",
                "url": "https://github.com/mimmi20/json-class.git",
                "reference": "f24f8504c4e91bd42d26588893625603e845670d"
            },
            "dist": {
                "type": "zip",
                "url": "https://api.github.com/repos/mimmi20/json-class/zipball/f24f8504c4e91bd42d26588893625603e845670d",
                "reference": "f24f8504c4e91bd42d26588893625603e845670d",
                "shasum": ""
            },
            "require": {
                "daverandom/exceptional-json": "^1.0.4",
                "ext-json": "*",
                "php": "^7.1"
            },
            "require-dev": {
                "friendsofphp/php-cs-fixer": "^2.15",
                "infection/infection": "^0.12.0 || ^0.13.0",
                "localheinz/composer-normalize": "^1.1.0",
                "localheinz/phpstan-rules": "^0.10",
                "pepakriz/phpstan-exception-rules": "^0.8",
                "phpstan/phpstan": "^0.11",
                "phpstan/phpstan-deprecation-rules": "^0.11",
                "phpstan/phpstan-phpunit": "^0.11",
                "phpstan/phpstan-strict-rules": "^0.11",
                "phpunit/phpunit": "^7.5 || ^8.0",
                "squizlabs/php_codesniffer": "^3.4"
            },
            "type": "library",
            "autoload": {
                "psr-4": {
                    "JsonClass\\": "src/"
                }
            },
            "notification-url": "https://packagist.org/downloads/",
            "license": [
                "MIT"
            ],
            "authors": [
                {
                    "name": "Thomas Müller",
                    "role": "Developer",
                    "homepage": "https://github.com/mimmi20"
                },
                {
                    "name": "Contributors",
                    "homepage": "https://github.com/mimmi20/json-class/graphs/contributors"
                }
            ],
            "description": "Class wrapper for ",
            "homepage": "https://github.com/mimmi20/json-class",
            "keywords": [
                "json"
            ],
            "time": "2019-06-23T15:27:34+00:00"
        },
        {
            "name": "thadafinser/package-info",
            "version": "v1.0.0",
            "source": {
                "type": "git",
                "url": "https://github.com/ThaDafinser/PackageInfo.git",
                "reference": "3cc580385cf694ba83eda3bbf7ea716a2253ea5a"
            },
            "dist": {
                "type": "zip",
                "url": "https://api.github.com/repos/ThaDafinser/PackageInfo/zipball/3cc580385cf694ba83eda3bbf7ea716a2253ea5a",
                "reference": "3cc580385cf694ba83eda3bbf7ea716a2253ea5a",
                "shasum": ""
            },
            "require": {
                "composer-plugin-api": "^1.0",
                "php": "~5.6|~7.0"
            },
            "require-dev": {
                "composer/composer": "^1.2.0",
                "phpunit/phpunit": "^5.4.7"
            },
            "type": "composer-plugin",
            "extra": {
                "class": "PackageInfo\\Installer"
            },
            "autoload": {
                "psr-4": {
                    "PackageInfo\\": "src"
                }
            },
            "notification-url": "https://packagist.org/downloads/",
            "license": [
                "MIT"
            ],
            "authors": [
                {
                    "name": "ThaDafinser",
                    "email": "martin.keckeis1@gmail.com"
                }
            ],
            "description": "Composer plugin that provides efficient querying for installed package versions (no runtime IO)",
            "time": "2016-08-09T11:14:48+00:00"
        },
        {
            "name": "woothee/woothee",
            "version": "v1.10.0",
            "source": {
                "type": "git",
                "url": "https://github.com/woothee/woothee-php.git",
                "reference": "7f3665c180634b0b0f665b4c2fceb926724b251b"
            },
            "dist": {
                "type": "zip",
                "url": "https://api.github.com/repos/woothee/woothee-php/zipball/7f3665c180634b0b0f665b4c2fceb926724b251b",
                "reference": "7f3665c180634b0b0f665b4c2fceb926724b251b",
                "shasum": ""
            },
            "require": {
                "php": ">= 5.3.3"
            },
            "require-dev": {
                "php-coveralls/php-coveralls": "^2.1 || ^1.1",
                "phpunit/phpunit": "^7.5 || ^4.8",
                "symfony/yaml": "^4.2 || ^2.7"
            },
            "type": "library",
            "autoload": {
                "psr-4": {
                    "Woothee\\": "src/"
                }
            },
            "notification-url": "https://packagist.org/downloads/",
            "license": [
                "Apache-2.0"
            ],
            "authors": [
                {
                    "name": "Yuya Takeyama",
                    "email": "sign.of.the.wolf.pentagram@gmail.com"
                }
            ],
            "description": "Cross-language UserAgent classifier library, PHP implementation",
            "keywords": [
                "user agent",
                "useragent"
            ],
            "time": "2019-05-20T05:21:47+00:00"
        }
    ],
    "packages-dev": [],
    "aliases": [],
    "minimum-stability": "stable",
    "stability-flags": [],
    "prefer-stable": false,
    "prefer-lowest": false,
    "platform": [],
    "platform-dev": []
}
