{
    "_readme": [
        "This file locks the dependencies of your project to a known state",
        "Read more about it at https://getcomposer.org/doc/01-basic-usage.md#installing-dependencies",
        "This file is @generated automatically"
    ],
    "content-hash": "a158de95464e9a814bf76f2dbdd9d1cd",
    "packages": [
        {
            "name": "endorphin-studio/browser-detector",
            "version": "3.0.1",
            "source": {
                "type": "git",
                "url": "https://github.com/endorphin-studio/browser-detector.git",
                "reference": "11a70b1d17820c54e9bedd9e5156d7c63467f70b"
            },
            "dist": {
                "type": "zip",
                "url": "https://api.github.com/repos/endorphin-studio/browser-detector/zipball/11a70b1d17820c54e9bedd9e5156d7c63467f70b",
                "reference": "11a70b1d17820c54e9bedd9e5156d7c63467f70b",
                "shasum": ""
            },
            "require": {
                "php": ">=5.6"
            },
            "require-dev": {
                "phpunit/phpunit": "5.3.4",
                "twig/twig": "^1.24"
            },
            "type": "library",
            "autoload": {
                "psr-4": {
                    "EndorphinStudio\\Detector\\": "src/"
                }
            },
            "notification-url": "https://packagist.org/downloads/",
            "license": [
                "GPL-3.0+"
            ],
            "authors": [
                {
                    "name": "Sergey Nehaenko",
                    "email": "sergey.nekhaenko@gmail.com"
                }
            ],
            "description": "Detect user Browser, OS and Device through USER AGENT",
            "keywords": [
                "browser-detector",
                "device-detector",
                "user-agent",
                "user-agent-string"
            ],
            "time": "2017-02-05T18:27:54+00:00"
        },
        {
            "name": "symfony/finder",
            "version": "v4.1.4",
            "source": {
                "type": "git",
                "url": "https://github.com/symfony/finder.git",
                "reference": "e162f1df3102d0b7472805a5a9d5db9fcf0a8068"
            },
            "dist": {
                "type": "zip",
                "url": "https://api.github.com/repos/symfony/finder/zipball/e162f1df3102d0b7472805a5a9d5db9fcf0a8068",
                "reference": "e162f1df3102d0b7472805a5a9d5db9fcf0a8068",
                "shasum": ""
            },
            "require": {
                "php": "^7.1.3"
            },
            "type": "library",
            "extra": {
                "branch-alias": {
                    "dev-master": "4.1-dev"
                }
            },
            "autoload": {
                "psr-4": {
                    "Symfony\\Component\\Finder\\": ""
                },
                "exclude-from-classmap": [
                    "/Tests/"
                ]
            },
            "notification-url": "https://packagist.org/downloads/",
            "license": [
                "MIT"
            ],
            "authors": [
                {
                    "name": "Fabien Potencier",
                    "email": "fabien@symfony.com"
                },
                {
                    "name": "Symfony Community",
                    "homepage": "https://symfony.com/contributors"
                }
            ],
            "description": "Symfony Finder Component",
            "homepage": "https://symfony.com",
            "time": "2018-07-26T11:24:31+00:00"
        },
        {
            "name": "thadafinser/package-info",
            "version": "v1.0.0",
            "source": {
                "type": "git",
                "url": "https://github.com/ThaDafinser/PackageInfo.git",
                "reference": "3cc580385cf694ba83eda3bbf7ea716a2253ea5a"
            },
            "dist": {
                "type": "zip",
                "url": "https://api.github.com/repos/ThaDafinser/PackageInfo/zipball/3cc580385cf694ba83eda3bbf7ea716a2253ea5a",
                "reference": "3cc580385cf694ba83eda3bbf7ea716a2253ea5a",
                "shasum": ""
            },
            "require": {
                "composer-plugin-api": "^1.0",
                "php": "~5.6|~7.0"
            },
            "require-dev": {
                "composer/composer": "^1.2.0",
                "phpunit/phpunit": "^5.4.7"
            },
            "type": "composer-plugin",
            "extra": {
                "class": "PackageInfo\\Installer"
            },
            "autoload": {
                "psr-4": {
                    "PackageInfo\\": "src"
                }
            },
            "notification-url": "https://packagist.org/downloads/",
            "license": [
                "MIT"
            ],
            "authors": [
                {
                    "name": "ThaDafinser",
                    "email": "martin.keckeis1@gmail.com"
                }
            ],
            "description": "Composer plugin that provides efficient querying for installed package versions (no runtime IO)",
            "time": "2016-08-09T11:14:48+00:00"
        }
    ],
    "packages-dev": [],
    "aliases": [],
    "minimum-stability": "stable",
    "stability-flags": [],
    "prefer-stable": false,
    "prefer-lowest": false,
    "platform": [],
    "platform-dev": []
}
