{
    "_readme": [
        "This file locks the dependencies of your project to a known state",
        "Read more about it at https://getcomposer.org/doc/01-basic-usage.md#installing-dependencies",
        "This file is @generated automatically"
    ],
    "content-hash": "2dbda5f0ab8533583c07959573879687",
    "packages": [
        {
            "name": "thadafinser/package-info",
            "version": "v1.0.0",
            "source": {
                "type": "git",
                "url": "https://github.com/ThaDafinser/PackageInfo.git",
                "reference": "3cc580385cf694ba83eda3bbf7ea716a2253ea5a"
            },
            "dist": {
                "type": "zip",
                "url": "https://api.github.com/repos/ThaDafinser/PackageInfo/zipball/3cc580385cf694ba83eda3bbf7ea716a2253ea5a",
                "reference": "3cc580385cf694ba83eda3bbf7ea716a2253ea5a",
                "shasum": ""
            },
            "require": {
                "composer-plugin-api": "^1.0",
                "php": "~5.6|~7.0"
            },
            "require-dev": {
                "composer/composer": "^1.2.0",
                "phpunit/phpunit": "^5.4.7"
            },
            "type": "composer-plugin",
            "extra": {
                "class": "PackageInfo\\Installer"
            },
            "autoload": {
                "psr-4": {
                    "PackageInfo\\": "src"
                }
            },
            "notification-url": "https://packagist.org/downloads/",
            "license": [
                "MIT"
            ],
            "authors": [
                {
                    "name": "ThaDafinser",
                    "email": "martin.keckeis1@gmail.com"
                }
            ],
            "description": "Composer plugin that provides efficient querying for installed package versions (no runtime IO)",
            "time": "2016-08-09T11:14:48+00:00"
        },
        {
            "name": "wolfcast/browser-detection",
            "version": "2.9.2",
            "source": {
                "type": "git",
                "url": "https://github.com/Wolfcast/BrowserDetection.git",
                "reference": "975684529e7535551eb6c36b45847c5e7c0c64d4"
            },
            "dist": {
                "type": "zip",
                "url": "https://api.github.com/repos/Wolfcast/BrowserDetection/zipball/975684529e7535551eb6c36b45847c5e7c0c64d4",
                "reference": "975684529e7535551eb6c36b45847c5e7c0c64d4",
                "shasum": ""
            },
            "require": {
                "php": ">=5.3.0"
            },
            "type": "library",
            "autoload": {
                "classmap": [
                    "lib/BrowserDetection.php"
                ]
            },
            "notification-url": "https://packagist.org/downloads/",
            "license": [
                "LGPL-3.0-or-later"
            ],
            "authors": [
                {
                    "name": "Alexandre Valiquette",
                    "homepage": "https://wolfcast.com/",
                    "role": "Lead developer"
                }
            ],
            "description": "The Wolfcast BrowserDetection PHP class facilitates the identification of the user's environment such as Web browser, version, platform family, platform version or if it's a mobile device or not.",
            "homepage": "https://github.com/Wolfcast/BrowserDetection",
            "keywords": [
                "browser",
                "detection",
                "environment",
                "mobile",
                "platform",
                "version"
            ],
            "time": "2019-03-01T02:28:33+00:00"
        }
    ],
    "packages-dev": [],
    "aliases": [],
    "minimum-stability": "stable",
    "stability-flags": [],
    "prefer-stable": false,
    "prefer-lowest": false,
    "platform": [],
    "platform-dev": []
}
