{
    "_readme": [
        "This file locks the dependencies of your project to a known state",
        "Read more about it at https://getcomposer.org/doc/01-basic-usage.md#installing-dependencies",
        "This file is @generated automatically"
    ],
    "content-hash": "b24e6ce2f85f86801831a3049047c1dd",
    "packages": [
        {
            "name": "wolfcast/browser-detection",
            "version": "2.9.5",
            "source": {
                "type": "git",
                "url": "https://github.com/Wolfcast/BrowserDetection.git",
                "reference": "88cfc2d1b19de8fea19854da4cfa67e5bd5d9ecb"
            },
            "dist": {
                "type": "zip",
                "url": "https://api.github.com/repos/Wolfcast/BrowserDetection/zipball/88cfc2d1b19de8fea19854da4cfa67e5bd5d9ecb",
                "reference": "88cfc2d1b19de8fea19854da4cfa67e5bd5d9ecb",
                "shasum": ""
            },
            "require": {
                "php": ">=5.3.0"
            },
            "type": "library",
            "autoload": {
                "classmap": [
                    "lib/BrowserDetection.php"
                ]
            },
            "notification-url": "https://packagist.org/downloads/",
            "license": [
                "LGPL-3.0-or-later"
            ],
            "authors": [
                {
                    "name": "Alexandre Valiquette",
                    "homepage": "https://wolfcast.com/",
                    "role": "Lead developer"
                }
            ],
            "description": "The Wolfcast BrowserDetection PHP class facilitates the identification of the user's environment such as Web browser, version, platform family, platform version or if it's a mobile device or not.",
            "homepage": "https://github.com/Wolfcast/BrowserDetection",
            "keywords": [
                "browser",
                "detection",
                "environment",
                "mobile",
                "platform",
                "version"
            ],
            "support": {
                "issues": "https://github.com/Wolfcast/BrowserDetection/issues",
                "source": "https://github.com/Wolfcast/BrowserDetection/tree/2.9.5"
            },
            "time": "2020-02-02T13:47:48+00:00"
        }
    ],
    "packages-dev": [],
    "aliases": [],
    "minimum-stability": "stable",
    "stability-flags": [],
    "prefer-stable": true,
    "prefer-lowest": false,
    "platform": [],
    "platform-dev": [],
    "plugin-api-version": "2.1.0"
}
