{
    "_readme": [
        "This file locks the dependencies of your project to a known state",
        "Read more about it at https://getcomposer.org/doc/01-basic-usage.md#installing-dependencies",
        "This file is @generated automatically"
    ],
    "content-hash": "359739f291b42f867735822ef4054ea6",
    "packages": [
        {
            "name": "browscap/browscap-php",
            "version": "2.1.1",
            "source": {
                "type": "git",
                "url": "https://github.com/browscap/browscap-php.git",
                "reference": "f17a326ebaf7878c2ae1d2d5ed7bc402160c0828"
            },
            "dist": {
                "type": "zip",
                "url": "https://api.github.com/repos/browscap/browscap-php/zipball/f17a326ebaf7878c2ae1d2d5ed7bc402160c0828",
                "reference": "f17a326ebaf7878c2ae1d2d5ed7bc402160c0828",
                "shasum": ""
            },
            "require": {
                "php": ">=5.3.0"
            },
            "require-dev": {
                "phpunit/phpunit": "*"
            },
            "type": "library",
            "autoload": {
                "psr-0": {
                    "phpbrowscap\\": "src/"
                }
            },
            "notification-url": "https://packagist.org/downloads/",
            "license": [
                "MIT"
            ],
            "authors": [
                {
                    "name": "Jonathan Stoppani",
                    "email": "jonathan.stoppani@gmail.com"
                },
                {
                    "name": "Thomas Mueller",
                    "email": "t_mueller_stolzenhain@yahoo.de"
                },
                {
                    "name": "James Titcumb",
                    "email": "james@asgrim.com"
                }
            ],
            "description": "Standalone replacement for php's native get_browser() function",
            "homepage": "https://github.com/browscap/browscap-php",
            "keywords": [
                "browser",
                "capabilities",
                "get_browser",
                "user agent"
            ],
            "time": "2015-11-24T17:24:06+00:00"
        },
        {
            "name": "daverandom/exceptional-json",
            "version": "v1.0.4",
            "source": {
                "type": "git",
                "url": "https://github.com/DaveRandom/ExceptionalJSON.git",
                "reference": "fed957142b4687b079495c80975666dd1a67d61d"
            },
            "dist": {
                "type": "zip",
                "url": "https://api.github.com/repos/DaveRandom/ExceptionalJSON/zipball/fed957142b4687b079495c80975666dd1a67d61d",
                "reference": "fed957142b4687b079495c80975666dd1a67d61d",
                "shasum": ""
            },
            "require": {
                "php": ">=7.0"
            },
            "type": "library",
            "autoload": {
                "psr-4": {
                    "ExceptionalJSON\\": "src/"
                },
                "files": [
                    "src/functions.php"
                ]
            },
            "notification-url": "https://packagist.org/downloads/",
            "license": [
                "MIT"
            ],
            "authors": [
                {
                    "name": "Chris Wright"
                }
            ],
            "description": "JSON encoding and decoding that throws exceptions on failure",
            "time": "2018-06-11T11:25:57+00:00"
        },
        {
            "name": "mimmi20/json-class",
            "version": "2.0.2",
            "source": {
                "type": "git",
                "url": "https://github.com/mimmi20/json-class.git",
                "reference": "d53745fbc4080d502bcf4126a77491be7902b252"
            },
            "dist": {
                "type": "zip",
                "url": "https://api.github.com/repos/mimmi20/json-class/zipball/d53745fbc4080d502bcf4126a77491be7902b252",
                "reference": "d53745fbc4080d502bcf4126a77491be7902b252",
                "shasum": ""
            },
            "require": {
                "daverandom/exceptional-json": "^1.0.4",
                "ext-json": "*",
                "php": "^7.1"
            },
            "require-dev": {
                "friendsofphp/php-cs-fixer": "^2.13",
                "localheinz/composer-normalize": "^1.0.0",
                "localheinz/phpstan-rules": "^0.4 || ^0.5",
                "pepakriz/phpstan-exception-rules": "^0.3 || ^0.4",
                "phpstan/phpstan": "^0.10",
                "phpstan/phpstan-deprecation-rules": "^0.10",
                "phpstan/phpstan-phpunit": "^0.10",
                "phpstan/phpstan-strict-rules": "^0.10",
                "phpunit/phpunit": "^7.5",
                "squizlabs/php_codesniffer": "^3.4"
            },
            "type": "library",
            "autoload": {
                "psr-4": {
                    "JsonClass\\": "src/"
                }
            },
            "notification-url": "https://packagist.org/downloads/",
            "license": [
                "MIT"
            ],
            "authors": [
                {
                    "name": "Thomas Müller",
                    "homepage": "https://github.com/mimmi20",
                    "role": "Developer"
                },
                {
                    "name": "Contributors",
                    "homepage": "https://github.com/mimmi20/json-class/graphs/contributors"
                }
            ],
            "description": "Class wrapper for ",
            "homepage": "https://github.com/mimmi20/json-class",
            "keywords": [
                "json"
            ],
            "time": "2019-01-02T21:26:59+00:00"
        },
        {
            "name": "thadafinser/package-info",
            "version": "v1.0.0",
            "source": {
                "type": "git",
                "url": "https://github.com/ThaDafinser/PackageInfo.git",
                "reference": "3cc580385cf694ba83eda3bbf7ea716a2253ea5a"
            },
            "dist": {
                "type": "zip",
                "url": "https://api.github.com/repos/ThaDafinser/PackageInfo/zipball/3cc580385cf694ba83eda3bbf7ea716a2253ea5a",
                "reference": "3cc580385cf694ba83eda3bbf7ea716a2253ea5a",
                "shasum": ""
            },
            "require": {
                "composer-plugin-api": "^1.0",
                "php": "~5.6|~7.0"
            },
            "require-dev": {
                "composer/composer": "^1.2.0",
                "phpunit/phpunit": "^5.4.7"
            },
            "type": "composer-plugin",
            "extra": {
                "class": "PackageInfo\\Installer"
            },
            "autoload": {
                "psr-4": {
                    "PackageInfo\\": "src"
                }
            },
            "notification-url": "https://packagist.org/downloads/",
            "license": [
                "MIT"
            ],
            "authors": [
                {
                    "name": "ThaDafinser",
                    "email": "martin.keckeis1@gmail.com"
                }
            ],
            "description": "Composer plugin that provides efficient querying for installed package versions (no runtime IO)",
            "time": "2016-08-09T11:14:48+00:00"
        }
    ],
    "packages-dev": [],
    "aliases": [],
    "minimum-stability": "stable",
    "stability-flags": [],
    "prefer-stable": false,
    "prefer-lowest": false,
    "platform": [],
    "platform-dev": []
}
