{
  "name": "ua-device-js-0",
  "version": "1.0.0",
  "lockfileVersion": 1,
  "requires": true,
  "dependencies": {
    "ua-device": {
      "version": "0.1.10",
      "resolved": "https://registry.npmjs.org/ua-device/-/ua-device-0.1.10.tgz",
      "integrity": "sha1-fhobMF1R4RQDJGcJIIHB1jdKTc4="
    }
  }
}
