{
    "_readme": [
        "This file locks the dependencies of your project to a known state",
        "Read more about it at https://getcomposer.org/doc/01-basic-usage.md#installing-dependencies",
        "This file is @generated automatically"
    ],
    "content-hash": "2e73de76dffc037aa2cbe87302eb377d",
    "packages": [
        {
            "name": "beberlei/assert",
            "version": "v3.2.0",
            "source": {
                "type": "git",
                "url": "https://github.com/beberlei/assert.git",
                "reference": "fd82f4c8592c8128dd74481034c31da71ebafc56"
            },
            "dist": {
                "type": "zip",
                "url": "https://api.github.com/repos/beberlei/assert/zipball/fd82f4c8592c8128dd74481034c31da71ebafc56",
                "reference": "fd82f4c8592c8128dd74481034c31da71ebafc56",
                "shasum": ""
            },
            "require": {
                "php": "^7"
            },
            "require-dev": {
                "friendsofphp/php-cs-fixer": "*",
                "phpstan/phpstan-shim": "*",
                "phpunit/phpunit": "*"
            },
            "type": "library",
            "autoload": {
                "psr-4": {
                    "Assert\\": "lib/Assert"
                },
                "files": [
                    "lib/Assert/functions.php"
                ]
            },
            "notification-url": "https://packagist.org/downloads/",
            "license": [
                "BSD-2-Clause"
            ],
            "authors": [
                {
                    "name": "Benjamin Eberlei",
                    "email": "kontakt@beberlei.de",
                    "role": "Lead Developer"
                },
                {
                    "name": "Richard Quadling",
                    "email": "rquadling@gmail.com",
                    "role": "Collaborator"
                }
            ],
            "description": "Thin assertion library for input validation in business models.",
            "keywords": [
                "assert",
                "assertion",
                "validation"
            ],
            "time": "2018-12-24T15:25:25+00:00"
        },
        {
            "name": "browscap/browscap",
            "version": "6.0.32",
            "source": {
                "type": "git",
                "url": "https://github.com/browscap/browscap.git",
                "reference": "2692c64303e0df9ff77e512fd19820b34d2a98ac"
            },
            "dist": {
                "type": "zip",
                "url": "https://api.github.com/repos/browscap/browscap/zipball/2692c64303e0df9ff77e512fd19820b34d2a98ac",
                "reference": "2692c64303e0df9ff77e512fd19820b34d2a98ac",
                "shasum": ""
            },
            "require": {
                "beberlei/assert": "^2.9 || ^3.0",
                "ext-json": "*",
                "localheinz/json-normalizer": "^0.5.2",
                "mimmi20/ua-browser-type": "^6.0.2",
                "mimmi20/ua-device-type": "^6.0.0",
                "monolog/monolog": "^1.23",
                "php": "^7.1",
                "seld/jsonlint": "^1.6",
                "symfony/console": "^3.3 || ^4.0",
                "symfony/finder": "^3.3 || ^4.0",
                "twig/twig": "^2.4"
            },
            "require-dev": {
                "browscap/browscap-php": "^4.1",
                "friendsofphp/php-cs-fixer": "^2.12",
                "mikey179/vfsstream": "^1.6",
                "pepakriz/phpstan-exception-rules": "^0.7",
                "phpstan/phpstan": "^0.11",
                "phpstan/phpstan-beberlei-assert": "^0.11",
                "phpstan/phpstan-deprecation-rules": "^0.11",
                "phpstan/phpstan-phpunit": "^0.11",
                "phpstan/phpstan-strict-rules": "^0.11",
                "phpunit/phpunit": "^7.5"
            },
            "suggest": {
                "ext-zip": "to create a zip file containing all other generated files"
            },
            "bin": [
                "bin/browscap"
            ],
            "type": "application",
            "autoload": {
                "psr-4": {
                    "Browscap\\": "src/Browscap/"
                }
            },
            "notification-url": "https://packagist.org/downloads/",
            "license": [
                "MIT"
            ],
            "authors": [
                {
                    "name": "Contributors",
                    "homepage": "https://github.com/browscap/browscap/graphs/contributors"
                },
                {
                    "name": "James Titcumb",
                    "email": "james@asgrim.com",
                    "homepage": "http://www.jamestitcumb.com"
                },
                {
                    "name": "Thomas Müller",
                    "homepage": "https://github.com/mimmi20",
                    "role": "Developer"
                },
                {
                    "name": "Joshua Estes",
                    "email": "f1gm3nt@gmail.com",
                    "homepage": "http://joshuaestes.me"
                }
            ],
            "description": "Browser Capabilities Tools",
            "homepage": "https://github.com/browscap/browscap",
            "keywords": [
                "Browscap"
            ],
            "time": "2019-03-21T08:37:43+00:00"
        },
        {
            "name": "justinrainbow/json-schema",
            "version": "5.2.8",
            "source": {
                "type": "git",
                "url": "https://github.com/justinrainbow/json-schema.git",
                "reference": "dcb6e1006bb5fd1e392b4daa68932880f37550d4"
            },
            "dist": {
                "type": "zip",
                "url": "https://api.github.com/repos/justinrainbow/json-schema/zipball/dcb6e1006bb5fd1e392b4daa68932880f37550d4",
                "reference": "dcb6e1006bb5fd1e392b4daa68932880f37550d4",
                "shasum": ""
            },
            "require": {
                "php": ">=5.3.3"
            },
            "require-dev": {
                "friendsofphp/php-cs-fixer": "~2.2.20",
                "json-schema/json-schema-test-suite": "1.2.0",
                "phpunit/phpunit": "^4.8.35"
            },
            "bin": [
                "bin/validate-json"
            ],
            "type": "library",
            "extra": {
                "branch-alias": {
                    "dev-master": "5.0.x-dev"
                }
            },
            "autoload": {
                "psr-4": {
                    "JsonSchema\\": "src/JsonSchema/"
                }
            },
            "notification-url": "https://packagist.org/downloads/",
            "license": [
                "MIT"
            ],
            "authors": [
                {
                    "name": "Bruno Prieto Reis",
                    "email": "bruno.p.reis@gmail.com"
                },
                {
                    "name": "Justin Rainbow",
                    "email": "justin.rainbow@gmail.com"
                },
                {
                    "name": "Igor Wiedler",
                    "email": "igor@wiedler.ch"
                },
                {
                    "name": "Robert Schönthal",
                    "email": "seroscho@googlemail.com"
                }
            ],
            "description": "A library to validate a json schema.",
            "homepage": "https://github.com/justinrainbow/json-schema",
            "keywords": [
                "json",
                "schema"
            ],
            "time": "2019-01-14T23:55:14+00:00"
        },
        {
            "name": "localheinz/json-normalizer",
            "version": "0.5.2",
            "source": {
                "type": "git",
                "url": "https://github.com/localheinz/json-normalizer.git",
                "reference": "0bcf04557255c318325fc959a8f36bd51356b6f0"
            },
            "dist": {
                "type": "zip",
                "url": "https://api.github.com/repos/localheinz/json-normalizer/zipball/0bcf04557255c318325fc959a8f36bd51356b6f0",
                "reference": "0bcf04557255c318325fc959a8f36bd51356b6f0",
                "shasum": ""
            },
            "require": {
                "justinrainbow/json-schema": "^4.0.0 || ^5.0.0",
                "localheinz/json-printer": "^1.0.0",
                "php": "^7.1"
            },
            "require-dev": {
                "infection/infection": "~0.7.1",
                "localheinz/php-cs-fixer-config": "~1.11.0",
                "localheinz/test-util": "0.6.1",
                "phpbench/phpbench": "~0.14.0",
                "phpspec/prophecy": "^1.7.1",
                "phpunit/phpunit": "^7.0.0"
            },
            "type": "library",
            "autoload": {
                "psr-4": {
                    "Localheinz\\Json\\Normalizer\\": "src/"
                }
            },
            "notification-url": "https://packagist.org/downloads/",
            "license": [
                "MIT"
            ],
            "authors": [
                {
                    "name": "Andreas Möller",
                    "email": "am@localheinz.com"
                }
            ],
            "description": "Provides normalizers for normalizing JSON documents.",
            "homepage": "https://github.com/localheinz/json-normalizer",
            "keywords": [
                "json",
                "normalizer"
            ],
            "time": "2018-02-15T14:13:23+00:00"
        },
        {
            "name": "localheinz/json-printer",
            "version": "1.1.0",
            "source": {
                "type": "git",
                "url": "https://github.com/localheinz/json-printer.git",
                "reference": "49459a160c551b5504d1edcbb10692039071d08a"
            },
            "dist": {
                "type": "zip",
                "url": "https://api.github.com/repos/localheinz/json-printer/zipball/49459a160c551b5504d1edcbb10692039071d08a",
                "reference": "49459a160c551b5504d1edcbb10692039071d08a",
                "shasum": ""
            },
            "require": {
                "php": "^7.0"
            },
            "require-dev": {
                "infection/infection": "~0.7.0",
                "localheinz/php-cs-fixer-config": "~1.9.0",
                "localheinz/test-util": "0.6.1",
                "phpbench/phpbench": "~0.14.0",
                "phpunit/phpunit": "^6.5.5"
            },
            "type": "library",
            "autoload": {
                "psr-4": {
                    "Localheinz\\Json\\Printer\\": "src/"
                }
            },
            "notification-url": "https://packagist.org/downloads/",
            "license": [
                "MIT"
            ],
            "authors": [
                {
                    "name": "Andreas Möller",
                    "email": "am@localheinz.com"
                }
            ],
            "description": "Provides a JSON printer, allowing for flexible indentation.",
            "homepage": "https://github.com/localheinz/json-printer",
            "keywords": [
                "formatter",
                "json",
                "printer"
            ],
            "time": "2018-01-27T21:05:05+00:00"
        },
        {
            "name": "mimmi20/browser-detector-loader-interface",
            "version": "2.0.5",
            "source": {
                "type": "git",
                "url": "https://github.com/mimmi20/browser-detector-loader-interface.git",
                "reference": "bdf183b0ec1e6e0d58e34fb22eb13f9e427e85d2"
            },
            "dist": {
                "type": "zip",
                "url": "https://api.github.com/repos/mimmi20/browser-detector-loader-interface/zipball/bdf183b0ec1e6e0d58e34fb22eb13f9e427e85d2",
                "reference": "bdf183b0ec1e6e0d58e34fb22eb13f9e427e85d2",
                "shasum": ""
            },
            "require": {
                "php": "^7.1"
            },
            "require-dev": {
                "friendsofphp/php-cs-fixer": "^2.9",
                "phpstan/phpstan": "^0.9",
                "squizlabs/php_codesniffer": "^3.2"
            },
            "type": "library",
            "autoload": {
                "psr-4": {
                    "BrowserDetector\\Loader\\": "src/"
                }
            },
            "notification-url": "https://packagist.org/downloads/",
            "license": [
                "MIT"
            ],
            "authors": [
                {
                    "name": "Thomas Müller",
                    "homepage": "https://github.com/mimmi20",
                    "role": "Developer"
                },
                {
                    "name": "Contributors",
                    "homepage": "https://github.com/mimmi20/browser-detector-loader-interface/graphs/contributors"
                }
            ],
            "description": "the source interface for the browscap helper",
            "time": "2018-01-03T21:05:56+00:00"
        },
        {
            "name": "mimmi20/ua-browser-type",
            "version": "6.0.2",
            "source": {
                "type": "git",
                "url": "https://github.com/mimmi20/ua-browser-type.git",
                "reference": "8b4f8f6f39254e38e6efec47d5b078831bc4cf21"
            },
            "dist": {
                "type": "zip",
                "url": "https://api.github.com/repos/mimmi20/ua-browser-type/zipball/8b4f8f6f39254e38e6efec47d5b078831bc4cf21",
                "reference": "8b4f8f6f39254e38e6efec47d5b078831bc4cf21",
                "shasum": ""
            },
            "require": {
                "mimmi20/browser-detector-loader-interface": "~2.0.5",
                "php": "^7.1"
            },
            "require-dev": {
                "friendsofphp/php-cs-fixer": "^2.10 || ^3.0",
                "localheinz/composer-normalize": "^0.6.0",
                "phpstan/phpstan": "^0.9",
                "phpunit/phpunit": "^6.5 || ^7.0",
                "squizlabs/php_codesniffer": "^3.2"
            },
            "type": "library",
            "autoload": {
                "psr-4": {
                    "UaBrowserType\\": "src/"
                }
            },
            "notification-url": "https://packagist.org/downloads/",
            "license": [
                "MIT"
            ],
            "authors": [
                {
                    "name": "Thomas Müller",
                    "homepage": "https://github.com/mimmi20",
                    "role": "Developer"
                },
                {
                    "name": "Contributors",
                    "homepage": "https://github.com/mimmi20/ua-browser-type/graphs/contributors"
                }
            ],
            "description": "a class collection for different browser types",
            "homepage": "https://github.com/mimmi20/ua-browser-type",
            "keywords": [
                "browser",
                "http",
                "parser",
                "user agent",
                "user-agent"
            ],
            "time": "2018-06-07T07:18:46+00:00"
        },
        {
            "name": "mimmi20/ua-device-type",
            "version": "6.0.1",
            "source": {
                "type": "git",
                "url": "https://github.com/mimmi20/ua-device-type.git",
                "reference": "b36f9cb0dbe263b6fd9014c8340985ddb400738c"
            },
            "dist": {
                "type": "zip",
                "url": "https://api.github.com/repos/mimmi20/ua-device-type/zipball/b36f9cb0dbe263b6fd9014c8340985ddb400738c",
                "reference": "b36f9cb0dbe263b6fd9014c8340985ddb400738c",
                "shasum": ""
            },
            "require": {
                "mimmi20/browser-detector-loader-interface": "~2.0.5",
                "php": "^7.1"
            },
            "require-dev": {
                "friendsofphp/php-cs-fixer": "^2.13",
                "phpstan/phpstan": "^0.10",
                "phpunit/phpunit": "^7.3",
                "squizlabs/php_codesniffer": "^3.3"
            },
            "type": "library",
            "autoload": {
                "psr-4": {
                    "UaDeviceType\\": "src/"
                }
            },
            "notification-url": "https://packagist.org/downloads/",
            "license": [
                "MIT"
            ],
            "authors": [
                {
                    "name": "Thomas Müller",
                    "homepage": "https://github.com/mimmi20",
                    "role": "Developer"
                },
                {
                    "name": "Contributors",
                    "homepage": "https://github.com/mimmi20/ua-device-type/graphs/contributors"
                }
            ],
            "description": "a class collection for different device types",
            "homepage": "https://github.com/mimmi20/ua-device-type",
            "keywords": [
                "browser",
                "http",
                "parser",
                "user agent",
                "user-agent"
            ],
            "time": "2018-08-31T19:48:13+00:00"
        },
        {
            "name": "monolog/monolog",
            "version": "1.24.0",
            "source": {
                "type": "git",
                "url": "https://github.com/Seldaek/monolog.git",
                "reference": "bfc9ebb28f97e7a24c45bdc3f0ff482e47bb0266"
            },
            "dist": {
                "type": "zip",
                "url": "https://api.github.com/repos/Seldaek/monolog/zipball/bfc9ebb28f97e7a24c45bdc3f0ff482e47bb0266",
                "reference": "bfc9ebb28f97e7a24c45bdc3f0ff482e47bb0266",
                "shasum": ""
            },
            "require": {
                "php": ">=5.3.0",
                "psr/log": "~1.0"
            },
            "provide": {
                "psr/log-implementation": "1.0.0"
            },
            "require-dev": {
                "aws/aws-sdk-php": "^2.4.9 || ^3.0",
                "doctrine/couchdb": "~1.0@dev",
                "graylog2/gelf-php": "~1.0",
                "jakub-onderka/php-parallel-lint": "0.9",
                "php-amqplib/php-amqplib": "~2.4",
                "php-console/php-console": "^3.1.3",
                "phpunit/phpunit": "~4.5",
                "phpunit/phpunit-mock-objects": "2.3.0",
                "ruflin/elastica": ">=0.90 <3.0",
                "sentry/sentry": "^0.13",
                "swiftmailer/swiftmailer": "^5.3|^6.0"
            },
            "suggest": {
                "aws/aws-sdk-php": "Allow sending log messages to AWS services like DynamoDB",
                "doctrine/couchdb": "Allow sending log messages to a CouchDB server",
                "ext-amqp": "Allow sending log messages to an AMQP server (1.0+ required)",
                "ext-mongo": "Allow sending log messages to a MongoDB server",
                "graylog2/gelf-php": "Allow sending log messages to a GrayLog2 server",
                "mongodb/mongodb": "Allow sending log messages to a MongoDB server via PHP Driver",
                "php-amqplib/php-amqplib": "Allow sending log messages to an AMQP server using php-amqplib",
                "php-console/php-console": "Allow sending log messages to Google Chrome",
                "rollbar/rollbar": "Allow sending log messages to Rollbar",
                "ruflin/elastica": "Allow sending log messages to an Elastic Search server",
                "sentry/sentry": "Allow sending log messages to a Sentry server"
            },
            "type": "library",
            "extra": {
                "branch-alias": {
                    "dev-master": "2.0.x-dev"
                }
            },
            "autoload": {
                "psr-4": {
                    "Monolog\\": "src/Monolog"
                }
            },
            "notification-url": "https://packagist.org/downloads/",
            "license": [
                "MIT"
            ],
            "authors": [
                {
                    "name": "Jordi Boggiano",
                    "email": "j.boggiano@seld.be",
                    "homepage": "http://seld.be"
                }
            ],
            "description": "Sends your logs to files, sockets, inboxes, databases and various web services",
            "homepage": "http://github.com/Seldaek/monolog",
            "keywords": [
                "log",
                "logging",
                "psr-3"
            ],
            "time": "2018-11-05T09:00:11+00:00"
        },
        {
            "name": "psr/log",
            "version": "1.1.0",
            "source": {
                "type": "git",
                "url": "https://github.com/php-fig/log.git",
                "reference": "6c001f1daafa3a3ac1d8ff69ee4db8e799a654dd"
            },
            "dist": {
                "type": "zip",
                "url": "https://api.github.com/repos/php-fig/log/zipball/6c001f1daafa3a3ac1d8ff69ee4db8e799a654dd",
                "reference": "6c001f1daafa3a3ac1d8ff69ee4db8e799a654dd",
                "shasum": ""
            },
            "require": {
                "php": ">=5.3.0"
            },
            "type": "library",
            "extra": {
                "branch-alias": {
                    "dev-master": "1.0.x-dev"
                }
            },
            "autoload": {
                "psr-4": {
                    "Psr\\Log\\": "Psr/Log/"
                }
            },
            "notification-url": "https://packagist.org/downloads/",
            "license": [
                "MIT"
            ],
            "authors": [
                {
                    "name": "PHP-FIG",
                    "homepage": "http://www.php-fig.org/"
                }
            ],
            "description": "Common interface for logging libraries",
            "homepage": "https://github.com/php-fig/log",
            "keywords": [
                "log",
                "psr",
                "psr-3"
            ],
            "time": "2018-11-20T15:27:04+00:00"
        },
        {
            "name": "seld/jsonlint",
            "version": "1.7.1",
            "source": {
                "type": "git",
                "url": "https://github.com/Seldaek/jsonlint.git",
                "reference": "d15f59a67ff805a44c50ea0516d2341740f81a38"
            },
            "dist": {
                "type": "zip",
                "url": "https://api.github.com/repos/Seldaek/jsonlint/zipball/d15f59a67ff805a44c50ea0516d2341740f81a38",
                "reference": "d15f59a67ff805a44c50ea0516d2341740f81a38",
                "shasum": ""
            },
            "require": {
                "php": "^5.3 || ^7.0"
            },
            "require-dev": {
                "phpunit/phpunit": "^4.8.35 || ^5.7 || ^6.0"
            },
            "bin": [
                "bin/jsonlint"
            ],
            "type": "library",
            "autoload": {
                "psr-4": {
                    "Seld\\JsonLint\\": "src/Seld/JsonLint/"
                }
            },
            "notification-url": "https://packagist.org/downloads/",
            "license": [
                "MIT"
            ],
            "authors": [
                {
                    "name": "Jordi Boggiano",
                    "email": "j.boggiano@seld.be",
                    "homepage": "http://seld.be"
                }
            ],
            "description": "JSON Linter",
            "keywords": [
                "json",
                "linter",
                "parser",
                "validator"
            ],
            "time": "2018-01-24T12:46:19+00:00"
        },
        {
            "name": "symfony/console",
            "version": "v4.2.5",
            "source": {
                "type": "git",
                "url": "https://github.com/symfony/console.git",
                "reference": "24206aff3efe6962593297e57ef697ebb220e384"
            },
            "dist": {
                "type": "zip",
                "url": "https://api.github.com/repos/symfony/console/zipball/24206aff3efe6962593297e57ef697ebb220e384",
                "reference": "24206aff3efe6962593297e57ef697ebb220e384",
                "shasum": ""
            },
            "require": {
                "php": "^7.1.3",
                "symfony/contracts": "^1.0",
                "symfony/polyfill-mbstring": "~1.0"
            },
            "conflict": {
                "symfony/dependency-injection": "<3.4",
                "symfony/process": "<3.3"
            },
            "provide": {
                "psr/log-implementation": "1.0"
            },
            "require-dev": {
                "psr/log": "~1.0",
                "symfony/config": "~3.4|~4.0",
                "symfony/dependency-injection": "~3.4|~4.0",
                "symfony/event-dispatcher": "~3.4|~4.0",
                "symfony/lock": "~3.4|~4.0",
                "symfony/process": "~3.4|~4.0"
            },
            "suggest": {
                "psr/log": "For using the console logger",
                "symfony/event-dispatcher": "",
                "symfony/lock": "",
                "symfony/process": ""
            },
            "type": "library",
            "extra": {
                "branch-alias": {
                    "dev-master": "4.2-dev"
                }
            },
            "autoload": {
                "psr-4": {
                    "Symfony\\Component\\Console\\": ""
                },
                "exclude-from-classmap": [
                    "/Tests/"
                ]
            },
            "notification-url": "https://packagist.org/downloads/",
            "license": [
                "MIT"
            ],
            "authors": [
                {
                    "name": "Fabien Potencier",
                    "email": "fabien@symfony.com"
                },
                {
                    "name": "Symfony Community",
                    "homepage": "https://symfony.com/contributors"
                }
            ],
            "description": "Symfony Console Component",
            "homepage": "https://symfony.com",
            "time": "2019-04-01T07:32:59+00:00"
        },
        {
            "name": "symfony/contracts",
            "version": "v1.0.2",
            "source": {
                "type": "git",
                "url": "https://github.com/symfony/contracts.git",
                "reference": "1aa7ab2429c3d594dd70689604b5cf7421254cdf"
            },
            "dist": {
                "type": "zip",
                "url": "https://api.github.com/repos/symfony/contracts/zipball/1aa7ab2429c3d594dd70689604b5cf7421254cdf",
                "reference": "1aa7ab2429c3d594dd70689604b5cf7421254cdf",
                "shasum": ""
            },
            "require": {
                "php": "^7.1.3"
            },
            "require-dev": {
                "psr/cache": "^1.0",
                "psr/container": "^1.0"
            },
            "suggest": {
                "psr/cache": "When using the Cache contracts",
                "psr/container": "When using the Service contracts",
                "symfony/cache-contracts-implementation": "",
                "symfony/service-contracts-implementation": "",
                "symfony/translation-contracts-implementation": ""
            },
            "type": "library",
            "extra": {
                "branch-alias": {
                    "dev-master": "1.0-dev"
                }
            },
            "autoload": {
                "psr-4": {
                    "Symfony\\Contracts\\": ""
                },
                "exclude-from-classmap": [
                    "**/Tests/"
                ]
            },
            "notification-url": "https://packagist.org/downloads/",
            "license": [
                "MIT"
            ],
            "authors": [
                {
                    "name": "Nicolas Grekas",
                    "email": "p@tchwork.com"
                },
                {
                    "name": "Symfony Community",
                    "homepage": "https://symfony.com/contributors"
                }
            ],
            "description": "A set of abstractions extracted out of the Symfony components",
            "homepage": "https://symfony.com",
            "keywords": [
                "abstractions",
                "contracts",
                "decoupling",
                "interfaces",
                "interoperability",
                "standards"
            ],
            "time": "2018-12-05T08:06:11+00:00"
        },
        {
            "name": "symfony/finder",
            "version": "v4.2.5",
            "source": {
                "type": "git",
                "url": "https://github.com/symfony/finder.git",
                "reference": "267b7002c1b70ea80db0833c3afe05f0fbde580a"
            },
            "dist": {
                "type": "zip",
                "url": "https://api.github.com/repos/symfony/finder/zipball/267b7002c1b70ea80db0833c3afe05f0fbde580a",
                "reference": "267b7002c1b70ea80db0833c3afe05f0fbde580a",
                "shasum": ""
            },
            "require": {
                "php": "^7.1.3"
            },
            "type": "library",
            "extra": {
                "branch-alias": {
                    "dev-master": "4.2-dev"
                }
            },
            "autoload": {
                "psr-4": {
                    "Symfony\\Component\\Finder\\": ""
                },
                "exclude-from-classmap": [
                    "/Tests/"
                ]
            },
            "notification-url": "https://packagist.org/downloads/",
            "license": [
                "MIT"
            ],
            "authors": [
                {
                    "name": "Fabien Potencier",
                    "email": "fabien@symfony.com"
                },
                {
                    "name": "Symfony Community",
                    "homepage": "https://symfony.com/contributors"
                }
            ],
            "description": "Symfony Finder Component",
            "homepage": "https://symfony.com",
            "time": "2019-02-23T15:42:05+00:00"
        },
        {
            "name": "symfony/polyfill-ctype",
            "version": "v1.11.0",
            "source": {
                "type": "git",
                "url": "https://github.com/symfony/polyfill-ctype.git",
                "reference": "82ebae02209c21113908c229e9883c419720738a"
            },
            "dist": {
                "type": "zip",
                "url": "https://api.github.com/repos/symfony/polyfill-ctype/zipball/82ebae02209c21113908c229e9883c419720738a",
                "reference": "82ebae02209c21113908c229e9883c419720738a",
                "shasum": ""
            },
            "require": {
                "php": ">=5.3.3"
            },
            "suggest": {
                "ext-ctype": "For best performance"
            },
            "type": "library",
            "extra": {
                "branch-alias": {
                    "dev-master": "1.11-dev"
                }
            },
            "autoload": {
                "psr-4": {
                    "Symfony\\Polyfill\\Ctype\\": ""
                },
                "files": [
                    "bootstrap.php"
                ]
            },
            "notification-url": "https://packagist.org/downloads/",
            "license": [
                "MIT"
            ],
            "authors": [
                {
                    "name": "Symfony Community",
                    "homepage": "https://symfony.com/contributors"
                },
                {
                    "name": "Gert de Pagter",
                    "email": "backendtea@gmail.com"
                }
            ],
            "description": "Symfony polyfill for ctype functions",
            "homepage": "https://symfony.com",
            "keywords": [
                "compatibility",
                "ctype",
                "polyfill",
                "portable"
            ],
            "time": "2019-02-06T07:57:58+00:00"
        },
        {
            "name": "symfony/polyfill-mbstring",
            "version": "v1.11.0",
            "source": {
                "type": "git",
                "url": "https://github.com/symfony/polyfill-mbstring.git",
                "reference": "fe5e94c604826c35a32fa832f35bd036b6799609"
            },
            "dist": {
                "type": "zip",
                "url": "https://api.github.com/repos/symfony/polyfill-mbstring/zipball/fe5e94c604826c35a32fa832f35bd036b6799609",
                "reference": "fe5e94c604826c35a32fa832f35bd036b6799609",
                "shasum": ""
            },
            "require": {
                "php": ">=5.3.3"
            },
            "suggest": {
                "ext-mbstring": "For best performance"
            },
            "type": "library",
            "extra": {
                "branch-alias": {
                    "dev-master": "1.11-dev"
                }
            },
            "autoload": {
                "psr-4": {
                    "Symfony\\Polyfill\\Mbstring\\": ""
                },
                "files": [
                    "bootstrap.php"
                ]
            },
            "notification-url": "https://packagist.org/downloads/",
            "license": [
                "MIT"
            ],
            "authors": [
                {
                    "name": "Nicolas Grekas",
                    "email": "p@tchwork.com"
                },
                {
                    "name": "Symfony Community",
                    "homepage": "https://symfony.com/contributors"
                }
            ],
            "description": "Symfony polyfill for the Mbstring extension",
            "homepage": "https://symfony.com",
            "keywords": [
                "compatibility",
                "mbstring",
                "polyfill",
                "portable",
                "shim"
            ],
            "time": "2019-02-06T07:57:58+00:00"
        },
        {
            "name": "thadafinser/package-info",
            "version": "v1.0.0",
            "source": {
                "type": "git",
                "url": "https://github.com/ThaDafinser/PackageInfo.git",
                "reference": "3cc580385cf694ba83eda3bbf7ea716a2253ea5a"
            },
            "dist": {
                "type": "zip",
                "url": "https://api.github.com/repos/ThaDafinser/PackageInfo/zipball/3cc580385cf694ba83eda3bbf7ea716a2253ea5a",
                "reference": "3cc580385cf694ba83eda3bbf7ea716a2253ea5a",
                "shasum": ""
            },
            "require": {
                "composer-plugin-api": "^1.0",
                "php": "~5.6|~7.0"
            },
            "require-dev": {
                "composer/composer": "^1.2.0",
                "phpunit/phpunit": "^5.4.7"
            },
            "type": "composer-plugin",
            "extra": {
                "class": "PackageInfo\\Installer"
            },
            "autoload": {
                "psr-4": {
                    "PackageInfo\\": "src"
                }
            },
            "notification-url": "https://packagist.org/downloads/",
            "license": [
                "MIT"
            ],
            "authors": [
                {
                    "name": "ThaDafinser",
                    "email": "martin.keckeis1@gmail.com"
                }
            ],
            "description": "Composer plugin that provides efficient querying for installed package versions (no runtime IO)",
            "time": "2016-08-09T11:14:48+00:00"
        },
        {
            "name": "twig/twig",
            "version": "v2.7.4",
            "source": {
                "type": "git",
                "url": "https://github.com/twigphp/Twig.git",
                "reference": "ed9c49220e09bfaeb1ba4d48077c08a7b09908dd"
            },
            "dist": {
                "type": "zip",
                "url": "https://api.github.com/repos/twigphp/Twig/zipball/ed9c49220e09bfaeb1ba4d48077c08a7b09908dd",
                "reference": "ed9c49220e09bfaeb1ba4d48077c08a7b09908dd",
                "shasum": ""
            },
            "require": {
                "php": "^7.0",
                "symfony/polyfill-ctype": "^1.8",
                "symfony/polyfill-mbstring": "^1.3"
            },
            "require-dev": {
                "psr/container": "^1.0",
                "symfony/debug": "^2.7",
                "symfony/phpunit-bridge": "^3.4.19|^4.1.8"
            },
            "type": "library",
            "extra": {
                "branch-alias": {
                    "dev-master": "2.7-dev"
                }
            },
            "autoload": {
                "psr-0": {
                    "Twig_": "lib/"
                },
                "psr-4": {
                    "Twig\\": "src/"
                }
            },
            "notification-url": "https://packagist.org/downloads/",
            "license": [
                "BSD-3-Clause"
            ],
            "authors": [
                {
                    "name": "Fabien Potencier",
                    "email": "fabien@symfony.com",
                    "homepage": "http://fabien.potencier.org",
                    "role": "Lead Developer"
                },
                {
                    "name": "Armin Ronacher",
                    "email": "armin.ronacher@active-4.com",
                    "role": "Project Founder"
                },
                {
                    "name": "Twig Team",
                    "homepage": "https://twig.symfony.com/contributors",
                    "role": "Contributors"
                }
            ],
            "description": "Twig, the flexible, fast, and secure template language for PHP",
            "homepage": "https://twig.symfony.com",
            "keywords": [
                "templating"
            ],
            "time": "2019-03-23T14:28:58+00:00"
        }
    ],
    "packages-dev": [],
    "aliases": [],
    "minimum-stability": "stable",
    "stability-flags": [],
    "prefer-stable": false,
    "prefer-lowest": false,
    "platform": [],
    "platform-dev": []
}
