{
  "name": "bowser-js-2",
  "version": "1.0.0",
  "lockfileVersion": 1,
  "requires": true,
  "dependencies": {
    "bowser": {
      "version": "2.2.1",
      "resolved": "https://registry.npmjs.org/bowser/-/bowser-2.2.1.tgz",
      "integrity": "sha512-5juDN48U85WUgYctziMoE4KMZ0LhfJzKmTWgdCVrkZQsmQxlOpDhbS91JnXiNmyfQkgppbuF6Vv3z+fuxz86pQ=="
    }
  }
}
