{
  "name": "bowser-js-2",
  "version": "1.0.0",
  "lockfileVersion": 1,
  "requires": true,
  "dependencies": {
    "bowser": {
      "version": "2.4.0",
      "resolved": "https://registry.npmjs.org/bowser/-/bowser-2.4.0.tgz",
      "integrity": "sha512-DA9Opnb8S8TBLPPszrHDtCCATbAMkrxF+AxPs/d95r99frBioGpNwL1cbG3AHeV3FnoZW655vEvEryBHFeGrMg=="
    }
  }
}
