{
  "name": "woothee-js-1",
  "version": "1.0.0",
  "lockfileVersion": 1,
  "requires": true,
  "dependencies": {
    "woothee": {
      "version": "1.8.0",
      "resolved": "https://registry.npmjs.org/woothee/-/woothee-1.8.0.tgz",
      "integrity": "sha512-LQpGzVtp4CpruV8vBst1A49vwUyWh3zQJt1xu+lxZTY5guISeaFXPJi2GNjGp06TtW4wCE6TUCVsE5XnPHhd6Q=="
    }
  }
}
