{
  "name": "woothee-js-1",
  "version": "1.0.0",
  "lockfileVersion": 1,
  "requires": true,
  "dependencies": {
    "woothee": {
      "version": "1.10.1",
      "resolved": "https://registry.npmjs.org/woothee/-/woothee-1.10.1.tgz",
      "integrity": "sha512-UjQSKaOyphSqaKR5JqScCUuK3ETW0YXODOBY0Hrr3DcJ765SQ1vEUQrI/rGrbpZ1jKHc3Yx8F89oY0NNmSo33Q=="
    }
  }
}
