{
  "name": "express-useragent-exposer-js-0",
  "version": "1.0.0",
  "lockfileVersion": 1,
  "requires": true,
  "dependencies": {
    "express-useragent-exposer": {
      "version": "2.1.0",
      "resolved": "https://registry.npmjs.org/express-useragent-exposer/-/express-useragent-exposer-2.1.0.tgz",
      "integrity": "sha1-ji6Iglw6huIioWRbwSytjjo5DUg="
    }
  }
}
