{
    "_readme": [
        "This file locks the dependencies of your project to a known state",
        "Read more about it at https://getcomposer.org/doc/01-basic-usage.md#installing-dependencies",
        "This file is @generated automatically"
    ],
    "content-hash": "2cab75426dc8f48e29ff3e79348ae4a7",
    "packages": [
        {
            "name": "daverandom/exceptional-json",
            "version": "v1.0.4",
            "source": {
                "type": "git",
                "url": "https://github.com/DaveRandom/ExceptionalJSON.git",
                "reference": "fed957142b4687b079495c80975666dd1a67d61d"
            },
            "dist": {
                "type": "zip",
                "url": "https://api.github.com/repos/DaveRandom/ExceptionalJSON/zipball/fed957142b4687b079495c80975666dd1a67d61d",
                "reference": "fed957142b4687b079495c80975666dd1a67d61d",
                "shasum": ""
            },
            "require": {
                "php": ">=7.0"
            },
            "type": "library",
            "autoload": {
                "psr-4": {
                    "ExceptionalJSON\\": "src/"
                },
                "files": [
                    "src/functions.php"
                ]
            },
            "notification-url": "https://packagist.org/downloads/",
            "license": [
                "MIT"
            ],
            "authors": [
                {
                    "name": "Chris Wright"
                }
            ],
            "description": "JSON encoding and decoding that throws exceptions on failure",
            "time": "2018-06-11T11:25:57+00:00"
        },
        {
            "name": "endorphin-studio/browser-detector",
            "version": "3.0.1",
            "source": {
                "type": "git",
                "url": "https://github.com/endorphin-studio/browser-detector.git",
                "reference": "11a70b1d17820c54e9bedd9e5156d7c63467f70b"
            },
            "dist": {
                "type": "zip",
                "url": "https://api.github.com/repos/endorphin-studio/browser-detector/zipball/11a70b1d17820c54e9bedd9e5156d7c63467f70b",
                "reference": "11a70b1d17820c54e9bedd9e5156d7c63467f70b",
                "shasum": ""
            },
            "require": {
                "php": ">=5.6"
            },
            "require-dev": {
                "phpunit/phpunit": "5.3.4",
                "twig/twig": "^1.24"
            },
            "type": "library",
            "autoload": {
                "psr-4": {
                    "EndorphinStudio\\Detector\\": "src/"
                }
            },
            "notification-url": "https://packagist.org/downloads/",
            "license": [
                "GPL-3.0+"
            ],
            "authors": [
                {
                    "name": "Sergey Nehaenko",
                    "email": "sergey.nekhaenko@gmail.com"
                }
            ],
            "description": "Detect user Browser, OS and Device through USER AGENT",
            "keywords": [
                "browser-detector",
                "device-detector",
                "user-agent",
                "user-agent-string"
            ],
            "time": "2017-02-05T18:27:54+00:00"
        },
        {
            "name": "mimmi20/json-class",
            "version": "2.0.2",
            "source": {
                "type": "git",
                "url": "https://github.com/mimmi20/json-class.git",
                "reference": "d53745fbc4080d502bcf4126a77491be7902b252"
            },
            "dist": {
                "type": "zip",
                "url": "https://api.github.com/repos/mimmi20/json-class/zipball/d53745fbc4080d502bcf4126a77491be7902b252",
                "reference": "d53745fbc4080d502bcf4126a77491be7902b252",
                "shasum": ""
            },
            "require": {
                "daverandom/exceptional-json": "^1.0.4",
                "ext-json": "*",
                "php": "^7.1"
            },
            "require-dev": {
                "friendsofphp/php-cs-fixer": "^2.13",
                "localheinz/composer-normalize": "^1.0.0",
                "localheinz/phpstan-rules": "^0.4 || ^0.5",
                "pepakriz/phpstan-exception-rules": "^0.3 || ^0.4",
                "phpstan/phpstan": "^0.10",
                "phpstan/phpstan-deprecation-rules": "^0.10",
                "phpstan/phpstan-phpunit": "^0.10",
                "phpstan/phpstan-strict-rules": "^0.10",
                "phpunit/phpunit": "^7.5",
                "squizlabs/php_codesniffer": "^3.4"
            },
            "type": "library",
            "autoload": {
                "psr-4": {
                    "JsonClass\\": "src/"
                }
            },
            "notification-url": "https://packagist.org/downloads/",
            "license": [
                "MIT"
            ],
            "authors": [
                {
                    "name": "Thomas Müller",
                    "homepage": "https://github.com/mimmi20",
                    "role": "Developer"
                },
                {
                    "name": "Contributors",
                    "homepage": "https://github.com/mimmi20/json-class/graphs/contributors"
                }
            ],
            "description": "Class wrapper for ",
            "homepage": "https://github.com/mimmi20/json-class",
            "keywords": [
                "json"
            ],
            "time": "2019-01-02T21:26:59+00:00"
        },
        {
            "name": "thadafinser/package-info",
            "version": "v1.0.0",
            "source": {
                "type": "git",
                "url": "https://github.com/ThaDafinser/PackageInfo.git",
                "reference": "3cc580385cf694ba83eda3bbf7ea716a2253ea5a"
            },
            "dist": {
                "type": "zip",
                "url": "https://api.github.com/repos/ThaDafinser/PackageInfo/zipball/3cc580385cf694ba83eda3bbf7ea716a2253ea5a",
                "reference": "3cc580385cf694ba83eda3bbf7ea716a2253ea5a",
                "shasum": ""
            },
            "require": {
                "composer-plugin-api": "^1.0",
                "php": "~5.6|~7.0"
            },
            "require-dev": {
                "composer/composer": "^1.2.0",
                "phpunit/phpunit": "^5.4.7"
            },
            "type": "composer-plugin",
            "extra": {
                "class": "PackageInfo\\Installer"
            },
            "autoload": {
                "psr-4": {
                    "PackageInfo\\": "src"
                }
            },
            "notification-url": "https://packagist.org/downloads/",
            "license": [
                "MIT"
            ],
            "authors": [
                {
                    "name": "ThaDafinser",
                    "email": "martin.keckeis1@gmail.com"
                }
            ],
            "description": "Composer plugin that provides efficient querying for installed package versions (no runtime IO)",
            "time": "2016-08-09T11:14:48+00:00"
        }
    ],
    "packages-dev": [],
    "aliases": [],
    "minimum-stability": "stable",
    "stability-flags": [],
    "prefer-stable": false,
    "prefer-lowest": false,
    "platform": [],
    "platform-dev": []
}
