{
    "_readme": [
        "This file locks the dependencies of your project to a known state",
        "Read more about it at https://getcomposer.org/doc/01-basic-usage.md#installing-dependencies",
        "This file is @generated automatically"
    ],
    "content-hash": "22fc8c24ee70a0d3addd3edc3e95eb01",
    "packages": [
        {
            "name": "daverandom/exceptional-json",
            "version": "v1.0.4",
            "source": {
                "type": "git",
                "url": "https://github.com/DaveRandom/ExceptionalJSON.git",
                "reference": "fed957142b4687b079495c80975666dd1a67d61d"
            },
            "dist": {
                "type": "zip",
                "url": "https://api.github.com/repos/DaveRandom/ExceptionalJSON/zipball/fed957142b4687b079495c80975666dd1a67d61d",
                "reference": "fed957142b4687b079495c80975666dd1a67d61d",
                "shasum": ""
            },
            "require": {
                "php": ">=7.0"
            },
            "type": "library",
            "autoload": {
                "psr-4": {
                    "ExceptionalJSON\\": "src/"
                },
                "files": [
                    "src/functions.php"
                ]
            },
            "notification-url": "https://packagist.org/downloads/",
            "license": [
                "MIT"
            ],
            "authors": [
                {
                    "name": "Chris Wright"
                }
            ],
            "description": "JSON encoding and decoding that throws exceptions on failure",
            "support": {
                "issues": "https://github.com/DaveRandom/ExceptionalJSON/issues",
                "source": "https://github.com/DaveRandom/ExceptionalJSON/tree/v1.0.4"
            },
            "time": "2018-06-11T11:25:57+00:00"
        },
        {
            "name": "mimmi20/json-class",
            "version": "2.0.17",
            "source": {
                "type": "git",
                "url": "https://github.com/mimmi20/json-class.git",
                "reference": "b45b88efcfb481684bcde0345dbf631044f16af3"
            },
            "dist": {
                "type": "zip",
                "url": "https://api.github.com/repos/mimmi20/json-class/zipball/b45b88efcfb481684bcde0345dbf631044f16af3",
                "reference": "b45b88efcfb481684bcde0345dbf631044f16af3",
                "shasum": ""
            },
            "require": {
                "daverandom/exceptional-json": "~1.0.4",
                "ext-json": "*",
                "php": "^7.1.3 || ^8.0.0"
            },
            "require-dev": {
                "infection/infection": "~0.13.6 || ~0.18 || ~0.20.2",
                "mimmi20/coding-standard": "~1.0.9",
                "pepakriz/phpstan-exception-rules": "~0.11.4",
                "phpstan/extension-installer": "~1.1.0",
                "phpstan/phpstan": "~0.12.68",
                "phpstan/phpstan-deprecation-rules": "~0.12.6",
                "phpstan/phpstan-phpunit": "~0.12.17",
                "phpunit/phpunit": "~7.5.20 || ~8.5.13 || ~9.5.0"
            },
            "type": "library",
            "autoload": {
                "psr-4": {
                    "JsonClass\\": "src/"
                }
            },
            "notification-url": "https://packagist.org/downloads/",
            "license": [
                "MIT"
            ],
            "authors": [
                {
                    "name": "Thomas Müller",
                    "homepage": "https://github.com/mimmi20",
                    "role": "Developer"
                },
                {
                    "name": "Contributors",
                    "homepage": "https://github.com/mimmi20/json-class/graphs/contributors"
                }
            ],
            "description": "Class wrapper for daverandom/exceptional-json",
            "homepage": "https://github.com/mimmi20/json-class",
            "support": {
                "issues": "https://github.com/mimmi20/json-class/issues",
                "source": "https://github.com/mimmi20/json-class"
            },
            "time": "2021-01-19T10:14:50+00:00"
        },
        {
            "name": "psr/cache",
            "version": "1.0.1",
            "source": {
                "type": "git",
                "url": "https://github.com/php-fig/cache.git",
                "reference": "d11b50ad223250cf17b86e38383413f5a6764bf8"
            },
            "dist": {
                "type": "zip",
                "url": "https://api.github.com/repos/php-fig/cache/zipball/d11b50ad223250cf17b86e38383413f5a6764bf8",
                "reference": "d11b50ad223250cf17b86e38383413f5a6764bf8",
                "shasum": ""
            },
            "require": {
                "php": ">=5.3.0"
            },
            "type": "library",
            "extra": {
                "branch-alias": {
                    "dev-master": "1.0.x-dev"
                }
            },
            "autoload": {
                "psr-4": {
                    "Psr\\Cache\\": "src/"
                }
            },
            "notification-url": "https://packagist.org/downloads/",
            "license": [
                "MIT"
            ],
            "authors": [
                {
                    "name": "PHP-FIG",
                    "homepage": "http://www.php-fig.org/"
                }
            ],
            "description": "Common interface for caching libraries",
            "keywords": [
                "cache",
                "psr",
                "psr-6"
            ],
            "support": {
                "source": "https://github.com/php-fig/cache/tree/master"
            },
            "time": "2016-08-06T20:24:11+00:00"
        },
        {
            "name": "whichbrowser/parser",
            "version": "v2.1.2",
            "source": {
                "type": "git",
                "url": "https://github.com/WhichBrowser/Parser-PHP.git",
                "reference": "bcf642a1891032de16a5ab976fd352753dd7f9a0"
            },
            "dist": {
                "type": "zip",
                "url": "https://api.github.com/repos/WhichBrowser/Parser-PHP/zipball/bcf642a1891032de16a5ab976fd352753dd7f9a0",
                "reference": "bcf642a1891032de16a5ab976fd352753dd7f9a0",
                "shasum": ""
            },
            "require": {
                "php": ">=5.4.0",
                "psr/cache": "^1.0"
            },
            "require-dev": {
                "cache/array-adapter": "^1.1",
                "icomefromthenet/reverse-regex": "0.0.6.3",
                "php-coveralls/php-coveralls": "^2.0",
                "phpunit/php-code-coverage": "^5.0 || ^7.0",
                "phpunit/phpunit": "^6.0 || ^8.0",
                "squizlabs/php_codesniffer": "^3.5",
                "symfony/yaml": "~3.4 || ~4.0"
            },
            "suggest": {
                "cache/array-adapter": "Allows testing of the caching functionality"
            },
            "type": "library",
            "autoload": {
                "psr-4": {
                    "WhichBrowser\\": [
                        "src/",
                        "tests/src/"
                    ]
                }
            },
            "notification-url": "https://packagist.org/downloads/",
            "license": [
                "MIT"
            ],
            "authors": [
                {
                    "name": "Niels Leenheer",
                    "email": "niels@leenheer.nl",
                    "role": "Developer"
                }
            ],
            "description": "Useragent sniffing library for PHP",
            "homepage": "http://whichbrowser.net",
            "keywords": [
                "browser",
                "sniffing",
                "ua",
                "useragent"
            ],
            "support": {
                "issues": "https://github.com/WhichBrowser/Parser-PHP/issues",
                "source": "https://github.com/WhichBrowser/Parser-PHP/tree/v2.1.2"
            },
            "time": "2021-05-10T10:18:11+00:00"
        }
    ],
    "packages-dev": [],
    "aliases": [],
    "minimum-stability": "stable",
    "stability-flags": [],
    "prefer-stable": true,
    "prefer-lowest": false,
    "platform": [],
    "platform-dev": [],
    "plugin-api-version": "2.1.0"
}
