{
  "name": "browscap-js-4",
  "version": "1.0.0",
  "lockfileVersion": 1,
  "requires": true,
  "dependencies": {
    "browscap-js": {
      "version": "4.0.6000030",
      "resolved": "https://registry.npmjs.org/browscap-js/-/browscap-js-4.0.6000030.tgz",
      "integrity": "sha512-2u7zRaL2aZnP/XRM4l7z1HUS5NHZMwPEXzSMRR78CB+Wx9bpf0BK6wJZYOXH2KpdFSpien1ZDAQd1NRvOl78BA==",
      "requires": {
        "browscap-js-cache": "2.0.1",
        "browscap-json-cache-files": "1.2.6000030",
        "md5": "2.2.1",
        "synchronous-promise": "2.0.6"
      }
    },
    "browscap-js-cache": {
      "version": "2.0.1",
      "resolved": "https://registry.npmjs.org/browscap-js-cache/-/browscap-js-cache-2.0.1.tgz",
      "integrity": "sha512-WEEtDm/OD8UfhCuzE0dYHIhGScwaPmktLJU8a5ftJ/Hd7lgcuosKiGosqCThALZiPzco0/AEGqqMX+2kVGkOXg=="
    },
    "browscap-json-cache-files": {
      "version": "1.2.6000030",
      "resolved": "https://registry.npmjs.org/browscap-json-cache-files/-/browscap-json-cache-files-1.2.6000030.tgz",
      "integrity": "sha512-kIfCVAl9saGheSmPI7s865NirDJODHBfK37tkUQzhnuzGsdqTgF4wgFrk5xIgDO53UpGF6mCxmWXiHyaR6M9iQ=="
    },
    "charenc": {
      "version": "0.0.2",
      "resolved": "https://registry.npmjs.org/charenc/-/charenc-0.0.2.tgz",
      "integrity": "sha1-wKHS86cJLgN3S/qD8UwPxXkKhmc="
    },
    "crypt": {
      "version": "0.0.2",
      "resolved": "https://registry.npmjs.org/crypt/-/crypt-0.0.2.tgz",
      "integrity": "sha1-iNf/fsDfuG9xPch7u0LQRNPmxBs="
    },
    "is-buffer": {
      "version": "1.1.6",
      "resolved": "https://registry.npmjs.org/is-buffer/-/is-buffer-1.1.6.tgz",
      "integrity": "sha512-NcdALwpXkTm5Zvvbk7owOUSvVvBKDgKP5/ewfXEznmQFfs4ZRmanOeKBTjRVjka3QFoN6XJ+9F3USqfHqTaU5w=="
    },
    "md5": {
      "version": "2.2.1",
      "resolved": "https://registry.npmjs.org/md5/-/md5-2.2.1.tgz",
      "integrity": "sha1-U6s41f48iJG6RlMp6iP6wFQBJvk=",
      "requires": {
        "charenc": "0.0.2",
        "crypt": "0.0.2",
        "is-buffer": "1.1.6"
      }
    },
    "synchronous-promise": {
      "version": "2.0.6",
      "resolved": "https://registry.npmjs.org/synchronous-promise/-/synchronous-promise-2.0.6.tgz",
      "integrity": "sha512-TyOuWLwkmtPL49LHCX1caIwHjRzcVd62+GF6h8W/jHOeZUFHpnd2XJDVuUlaTaLPH1nuu2M69mfHr5XbQJnf/g=="
    }
  }
}
