{
    "_readme": [
        "This file locks the dependencies of your project to a known state",
        "Read more about it at https://getcomposer.org/doc/01-basic-usage.md#installing-dependencies",
        "This file is @generated automatically"
    ],
    "content-hash": "15b8b7223e862cf9835af8c4ee1fe602",
    "packages": [
        {
            "name": "composer/ca-bundle",
            "version": "1.1.4",
            "source": {
                "type": "git",
                "url": "https://github.com/composer/ca-bundle.git",
                "reference": "558f321c52faeb4828c03e7dc0cfe39a09e09a2d"
            },
            "dist": {
                "type": "zip",
                "url": "https://api.github.com/repos/composer/ca-bundle/zipball/558f321c52faeb4828c03e7dc0cfe39a09e09a2d",
                "reference": "558f321c52faeb4828c03e7dc0cfe39a09e09a2d",
                "shasum": ""
            },
            "require": {
                "ext-openssl": "*",
                "ext-pcre": "*",
                "php": "^5.3.2 || ^7.0"
            },
            "require-dev": {
                "phpunit/phpunit": "^4.8.35 || ^5.7 || ^6.5",
                "psr/log": "^1.0",
                "symfony/process": "^2.5 || ^3.0 || ^4.0"
            },
            "type": "library",
            "extra": {
                "branch-alias": {
                    "dev-master": "1.x-dev"
                }
            },
            "autoload": {
                "psr-4": {
                    "Composer\\CaBundle\\": "src"
                }
            },
            "notification-url": "https://packagist.org/downloads/",
            "license": [
                "MIT"
            ],
            "authors": [
                {
                    "name": "Jordi Boggiano",
                    "email": "j.boggiano@seld.be",
                    "homepage": "http://seld.be"
                }
            ],
            "description": "Lets you find a path to the system CA bundle, and includes a fallback to the Mozilla CA bundle.",
            "keywords": [
                "cabundle",
                "cacert",
                "certificate",
                "ssl",
                "tls"
            ],
            "time": "2019-01-28T09:30:10+00:00"
        },
        {
            "name": "daverandom/exceptional-json",
            "version": "v1.0.4",
            "source": {
                "type": "git",
                "url": "https://github.com/DaveRandom/ExceptionalJSON.git",
                "reference": "fed957142b4687b079495c80975666dd1a67d61d"
            },
            "dist": {
                "type": "zip",
                "url": "https://api.github.com/repos/DaveRandom/ExceptionalJSON/zipball/fed957142b4687b079495c80975666dd1a67d61d",
                "reference": "fed957142b4687b079495c80975666dd1a67d61d",
                "shasum": ""
            },
            "require": {
                "php": ">=7.0"
            },
            "type": "library",
            "autoload": {
                "psr-4": {
                    "ExceptionalJSON\\": "src/"
                },
                "files": [
                    "src/functions.php"
                ]
            },
            "notification-url": "https://packagist.org/downloads/",
            "license": [
                "MIT"
            ],
            "authors": [
                {
                    "name": "Chris Wright"
                }
            ],
            "description": "JSON encoding and decoding that throws exceptions on failure",
            "time": "2018-06-11T11:25:57+00:00"
        },
        {
            "name": "mimmi20/json-class",
            "version": "2.0.2",
            "source": {
                "type": "git",
                "url": "https://github.com/mimmi20/json-class.git",
                "reference": "d53745fbc4080d502bcf4126a77491be7902b252"
            },
            "dist": {
                "type": "zip",
                "url": "https://api.github.com/repos/mimmi20/json-class/zipball/d53745fbc4080d502bcf4126a77491be7902b252",
                "reference": "d53745fbc4080d502bcf4126a77491be7902b252",
                "shasum": ""
            },
            "require": {
                "daverandom/exceptional-json": "^1.0.4",
                "ext-json": "*",
                "php": "^7.1"
            },
            "require-dev": {
                "friendsofphp/php-cs-fixer": "^2.13",
                "localheinz/composer-normalize": "^1.0.0",
                "localheinz/phpstan-rules": "^0.4 || ^0.5",
                "pepakriz/phpstan-exception-rules": "^0.3 || ^0.4",
                "phpstan/phpstan": "^0.10",
                "phpstan/phpstan-deprecation-rules": "^0.10",
                "phpstan/phpstan-phpunit": "^0.10",
                "phpstan/phpstan-strict-rules": "^0.10",
                "phpunit/phpunit": "^7.5",
                "squizlabs/php_codesniffer": "^3.4"
            },
            "type": "library",
            "autoload": {
                "psr-4": {
                    "JsonClass\\": "src/"
                }
            },
            "notification-url": "https://packagist.org/downloads/",
            "license": [
                "MIT"
            ],
            "authors": [
                {
                    "name": "Thomas Müller",
                    "homepage": "https://github.com/mimmi20",
                    "role": "Developer"
                },
                {
                    "name": "Contributors",
                    "homepage": "https://github.com/mimmi20/json-class/graphs/contributors"
                }
            ],
            "description": "Class wrapper for ",
            "homepage": "https://github.com/mimmi20/json-class",
            "keywords": [
                "json"
            ],
            "time": "2019-01-02T21:26:59+00:00"
        },
        {
            "name": "thadafinser/package-info",
            "version": "v1.0.0",
            "source": {
                "type": "git",
                "url": "https://github.com/ThaDafinser/PackageInfo.git",
                "reference": "3cc580385cf694ba83eda3bbf7ea716a2253ea5a"
            },
            "dist": {
                "type": "zip",
                "url": "https://api.github.com/repos/ThaDafinser/PackageInfo/zipball/3cc580385cf694ba83eda3bbf7ea716a2253ea5a",
                "reference": "3cc580385cf694ba83eda3bbf7ea716a2253ea5a",
                "shasum": ""
            },
            "require": {
                "composer-plugin-api": "^1.0",
                "php": "~5.6|~7.0"
            },
            "require-dev": {
                "composer/composer": "^1.2.0",
                "phpunit/phpunit": "^5.4.7"
            },
            "type": "composer-plugin",
            "extra": {
                "class": "PackageInfo\\Installer"
            },
            "autoload": {
                "psr-4": {
                    "PackageInfo\\": "src"
                }
            },
            "notification-url": "https://packagist.org/downloads/",
            "license": [
                "MIT"
            ],
            "authors": [
                {
                    "name": "ThaDafinser",
                    "email": "martin.keckeis1@gmail.com"
                }
            ],
            "description": "Composer plugin that provides efficient querying for installed package versions (no runtime IO)",
            "time": "2016-08-09T11:14:48+00:00"
        },
        {
            "name": "ua-parser/uap-php",
            "version": "v3.8.6",
            "source": {
                "type": "git",
                "url": "https://github.com/ua-parser/uap-php.git",
                "reference": "f04d8fbe9aae8130e688a2bb325a40f4067c4dd7"
            },
            "dist": {
                "type": "zip",
                "url": "https://api.github.com/repos/ua-parser/uap-php/zipball/f04d8fbe9aae8130e688a2bb325a40f4067c4dd7",
                "reference": "f04d8fbe9aae8130e688a2bb325a40f4067c4dd7",
                "shasum": ""
            },
            "require": {
                "composer/ca-bundle": "^1.1",
                "php": ">=5.3.0"
            },
            "require-dev": {
                "phpunit/phpunit": "<8",
                "symfony/console": "^2.0 || ^3.0 || ^4.0",
                "symfony/filesystem": "^2.0 || ^3.0 || ^4.0",
                "symfony/finder": "^2.0 || ^3.0 || ^4.0",
                "symfony/yaml": "^2.0 || ^3.0 || ^4.0"
            },
            "suggest": {
                "symfony/console": "Required for CLI usage - ^2.0 || ^3.0 || ^4.0",
                "symfony/filesystem": "Required for CLI usage - 2.0 || ^3.0 || ^4.0",
                "symfony/finder": "Required for CLI usage - ^2.0 || ^3.0 || ^4.0",
                "symfony/yaml": "Required for CLI usage - ^4.0 || ^5.0"
            },
            "bin": [
                "bin/uaparser"
            ],
            "type": "library",
            "autoload": {
                "psr-4": {
                    "UAParser\\": "src"
                }
            },
            "notification-url": "https://packagist.org/downloads/",
            "license": [
                "MIT"
            ],
            "authors": [
                {
                    "name": "Lars Strojny",
                    "email": "lars@strojny.net"
                },
                {
                    "name": "Dave Olsen",
                    "email": "dmolsen@gmail.com"
                }
            ],
            "description": "A multi-language port of Browserscope's user agent parser.",
            "time": "2019-02-14T09:54:15+00:00"
        }
    ],
    "packages-dev": [],
    "aliases": [],
    "minimum-stability": "stable",
    "stability-flags": [],
    "prefer-stable": false,
    "prefer-lowest": false,
    "platform": [],
    "platform-dev": []
}
