{
  "name": "express-useragent-js-0",
  "version": "1.0.0",
  "lockfileVersion": 1,
  "requires": true,
  "dependencies": {
    "express-useragent": {
      "version": "1.0.13",
      "resolved": "https://registry.npmjs.org/express-useragent/-/express-useragent-1.0.13.tgz",
      "integrity": "sha512-3RGcGuXbyr/t62yyu3CRLFS9Fc30tWiVd6TQ1/C7mdQU4Yv7UPfSvtAkYfqoaH2FMkQvrXD7V/FtpFhy6MfUcg=="
    }
  }
}
