{
  "name": "detect-browser-js-1",
  "version": "1.0.0",
  "lockfileVersion": 1,
  "requires": true,
  "dependencies": {
    "detect-browser": {
      "version": "4.6.0",
      "resolved": "https://registry.npmjs.org/detect-browser/-/detect-browser-4.6.0.tgz",
      "integrity": "sha512-JUPne6M/4CJLCQUZRfR+3GNoDFcChgSnlw7AEn+WTVkdxl+2UjzrMKpzN3bXdSIwwQjs45sduKMqpXWB77wQpQ=="
    }
  }
}
