{
  "name": "detect-browser-js-1",
  "version": "1.0.0",
  "lockfileVersion": 1,
  "requires": true,
  "dependencies": {
    "detect-browser": {
      "version": "4.4.0",
      "resolved": "https://registry.npmjs.org/detect-browser/-/detect-browser-4.4.0.tgz",
      "integrity": "sha512-wD1RDItw/aCnQ3fYSZNXZ/AVFwrqFDgLEsnSorLpgH3HC9YOjTC6Of+IeERrv28KbJ3B4bQd5ru1UFsGVCJM+g=="
    }
  }
}
